// !$*UTF8*$!
{
       archiveVersion = 1;
       classes = {
       };
       objectVersion = 46;
       objects = {

/* Begin PBXAggregateTarget section */
              6F2451015DA64CA689AA837C /* ALL_BUILD */ = {
                     isa = PBXAggregateTarget;
                     buildConfigurationList = 18093E9C3434457498FF93D7 /* Build configuration list for PBXAggregateTarget "ALL_BUILD" */;
                     buildPhases = (
                            55643499041E48F898F28E40 /* CMake Rules */,
                     );
                     dependencies = (
                            492B97E22C02469D9ABF972D /* PBXTargetDependency */,
                            24D683905E5A4AF58AC2D206 /* PBXTargetDependency */,
                     );
                     name = ALL_BUILD;
                     productName = ALL_BUILD;
              };
              27F4A1348C0042B98D976372 /* ZERO_CHECK */ = {
                     isa = PBXAggregateTarget;
                     buildConfigurationList = C9BCA761DA3347E4A59EBBA7 /* Build configuration list for PBXAggregateTarget "ZERO_CHECK" */;
                     buildPhases = (
                            80D8FA4E46AE47A1AF2B4A12 /* CMake Rules */,
                     );
                     dependencies = (
                     );
                     name = ZERO_CHECK;
                     productName = ZERO_CHECK;
              };
/* End PBXAggregateTarget section */

/* Begin PBXBuildFile section */
B0D82789C1DC44C3ADD4A772 /* /Users/user/Developer/sphere/movies/tomatoes/test/pool.cpp */ = {isa = PBXBuildFile; fileRef = 69ACCB166AE54EF0BFED72FF /* /Users/user/Developer/sphere/movies/tomatoes/test/pool.cpp */; settings = { COMPILER_FLAGS = ""; }; };
93E6F820208141B9B9FFFF41 /* /Users/user/Developer/sphere/movies/tomatoes/test/CMakeLists.txt */ = {isa = PBXBuildFile; fileRef = CD8EB0D64C4A48139B7FDD53 /* /Users/user/Developer/sphere/movies/tomatoes/test/CMakeLists.txt */; settings = { COMPILER_FLAGS = ""; }; };
/* End PBXBuildFile section */

/* Begin PBXBuildStyle section */
              18237D63DA12425596D7B1E3 /*  */ = {
                     isa = PBXBuildStyle;
              };
              BFC54BCB6A6B4CE99E31A2C6 /* Debug */ = {
                     isa = PBXBuildStyle;
                     buildSettings = {
                            COPY_PHASE_STRIP = NO;
                     };
                     name = Debug;
              };
              CE1B697E28944BDF912F9827 /* Release */ = {
                     isa = PBXBuildStyle;
                     buildSettings = {
                            COPY_PHASE_STRIP = NO;
                     };
                     name = Release;
              };
              E93C1DFCBE93469D8A6DC168 /* MinSizeRel */ = {
                     isa = PBXBuildStyle;
                     buildSettings = {
                            COPY_PHASE_STRIP = NO;
                     };
                     name = MinSizeRel;
              };
              81B58204EA8E4790949F6E37 /* RelWithDebInfo */ = {
                     isa = PBXBuildStyle;
                     buildSettings = {
                            COPY_PHASE_STRIP = NO;
                     };
                     name = RelWithDebInfo;
              };
/* End PBXBuildStyle section */

/* Begin PBXContainerItemProxy section */
              F4A178D4505D488089FA02E4 /* PBXContainerItemProxy */ = {
                     isa = PBXContainerItemProxy;
                     containerPortal = 3905A1C0B9104F96B9DA6CE8 /* Project object */;
                     proxyType = 1;
                     remoteGlobalIDString = 468DFA37EAF44C1095E387CD;
                     remoteInfo = pool;
              };
              A2408399CC2445D9A26E4850 /* PBXContainerItemProxy */ = {
                     isa = PBXContainerItemProxy;
                     containerPortal = 3905A1C0B9104F96B9DA6CE8 /* Project object */;
                     proxyType = 1;
                     remoteGlobalIDString = 27F4A1348C0042B98D976372;
                     remoteInfo = ZERO_CHECK;
              };
/* End PBXContainerItemProxy section */

/* Begin PBXFileReference section */
CD8EB0D64C4A48139B7FDD53 /* /Users/user/Developer/sphere/movies/tomatoes/test/CMakeLists.txt */ = {isa = PBXFileReference; fileEncoding = 4; lastKnownFileType = "sourcecode.text"; name = "CMakeLists.txt"; path = "CMakeLists.txt"; sourceTree = SOURCE_ROOT; };
69ACCB166AE54EF0BFED72FF /* /Users/user/Developer/sphere/movies/tomatoes/test/pool.cpp */ = {isa = PBXFileReference; fileEncoding = 4; lastKnownFileType = "sourcecode.cpp.cpp"; name = "pool.cpp"; path = "pool.cpp"; sourceTree = SOURCE_ROOT; };
E49FF6189C1C4392A6C857C2 /* pool */ = {isa = PBXFileReference; explicitFileType = "compiled.mach-o.executable"; path = pool; refType = 0; sourceTree = BUILT_PRODUCTS_DIR; };
/* End PBXFileReference section */

/* Begin PBXGroup section */
              06BCB87ED4A54037BBFCA753  = {
                     isa = PBXGroup;
                     children = (
                            495C343DCC6D450281D83617 /* Sources */,
                            70B86C194C244699B68E9789 /* Resources */,
                            427B0204B83B4B4AA01DCFD3 /* Products */,
                     );
                     sourceTree = "<group>";
              };
              495C343DCC6D450281D83617 /* Sources */ = {
                     isa = PBXGroup;
                     children = (
                            34A21672E2774696821C959E /* ALL_BUILD */,
                            99E5B23104AE48D4AEF00520 /* ZERO_CHECK */,
                            73B8DAFEBC224B8BA5C1A614 /* pool */,
                     );
                     name = Sources;
                     sourceTree = "<group>";
              };
              70B86C194C244699B68E9789 /* Resources */ = {
                     isa = PBXGroup;
                     children = (
                     );
                     name = Resources;
                     sourceTree = "<group>";
              };
              34A21672E2774696821C959E /* ALL_BUILD */ = {
                     isa = PBXGroup;
                     children = (
                            F1518B0CC7E24B0DAF862560 /* CMake Rules */,
                            CD8EB0D64C4A48139B7FDD53 /* /Users/user/Developer/sphere/movies/tomatoes/test/CMakeLists.txt */,
                     );
                     name = ALL_BUILD;
                     sourceTree = "<group>";
              };
              F1518B0CC7E24B0DAF862560 /* CMake Rules */ = {
                     isa = PBXGroup;
                     children = (
                     );
                     name = "CMake Rules";
                     sourceTree = "<group>";
              };
              99E5B23104AE48D4AEF00520 /* ZERO_CHECK */ = {
                     isa = PBXGroup;
                     children = (
                            B41068CA0E0041E39B7629EC /* CMake Rules */,
                            CD8EB0D64C4A48139B7FDD53 /* /Users/user/Developer/sphere/movies/tomatoes/test/CMakeLists.txt */,
                     );
                     name = ZERO_CHECK;
                     sourceTree = "<group>";
              };
              B41068CA0E0041E39B7629EC /* CMake Rules */ = {
                     isa = PBXGroup;
                     children = (
                     );
                     name = "CMake Rules";
                     sourceTree = "<group>";
              };
              73B8DAFEBC224B8BA5C1A614 /* pool */ = {
                     isa = PBXGroup;
                     children = (
                            731F6754CE2240E69E2FE3D1 /* Source Files */,
                            CD8EB0D64C4A48139B7FDD53 /* /Users/user/Developer/sphere/movies/tomatoes/test/CMakeLists.txt */,
                     );
                     name = pool;
                     sourceTree = "<group>";
              };
              731F6754CE2240E69E2FE3D1 /* Source Files */ = {
                     isa = PBXGroup;
                     children = (
                            69ACCB166AE54EF0BFED72FF /* /Users/user/Developer/sphere/movies/tomatoes/test/pool.cpp */,
                     );
                     name = "Source Files";
                     sourceTree = "<group>";
              };
              427B0204B83B4B4AA01DCFD3 /* Products */ = {
                     isa = PBXGroup;
                     children = (
                            E49FF6189C1C4392A6C857C2 /* pool */,
                     );
                     name = Products;
                     sourceTree = "<group>";
              };
/* End PBXGroup section */

/* Begin PBXNativeTarget section */
              468DFA37EAF44C1095E387CD /* pool */ = {
                     isa = PBXNativeTarget;
                     buildConfigurationList = 8ADE43A0AC644196B10D4E60 /* Build configuration list for PBXNativeTarget "pool" */;
                     buildPhases = (
                            3DC5BA53DB064A73BC2A5913 /* Sources */,
                            7FECAA4D5A8F4B89B31FF158 /* CMake PostBuild Rules */,
                     );
                     buildRules = (
                     );
                     dependencies = (
                            24D683905E5A4AF58AC2D206 /* PBXTargetDependency */,
                     );
                     name = pool;
                     productName = pool;
                     productReference = E49FF6189C1C4392A6C857C2 /* pool */;
                     productType = "com.apple.product-type.tool";
              };
/* End PBXNativeTarget section */

/* Begin PBXProject section */
              3905A1C0B9104F96B9DA6CE8 /* Project object */ = {
                     isa = PBXProject;
                     attributes = {
                            BuildIndependentTargetsInParallel = YES;
                     };
                     buildConfigurationList = E39AD5A66B814417B9841B88 /* Build configuration list for PBXProject  "Pool" */;
                     buildSettings = {
                     };
                     buildStyles = (
                            BFC54BCB6A6B4CE99E31A2C6 /* Debug */,
                            CE1B697E28944BDF912F9827 /* Release */,
                            E93C1DFCBE93469D8A6DC168 /* MinSizeRel */,
                            81B58204EA8E4790949F6E37 /* RelWithDebInfo */,
                     );
                     compatibilityVersion = "Xcode 3.2";
                     hasScannedForEncodings = 0;
                     mainGroup = 06BCB87ED4A54037BBFCA753;
                     projectDirPath = ".";
                     projectRoot = "";
                     targets = (
                            6F2451015DA64CA689AA837C /* ALL_BUILD */,
                            27F4A1348C0042B98D976372 /* ZERO_CHECK */,
                            468DFA37EAF44C1095E387CD /* pool */,
                     );
              };
/* End PBXProject section */

/* Begin PBXShellScriptBuildPhase section */
              A8AD452BA2FE408FAC333AEE /*  */ = {
                     isa = PBXShellScriptBuildPhase;
                     buildActionMask = 2147483647;
                     files = (
                     );
                     inputPaths = (
                     );
                     outputPaths = (
                     );
                     runOnlyForDeploymentPostprocessing = 0;
                     shellPath = /bin/sh;
                     shellScript = "# shell script goes here
exit 0";
                     showEnvVarsInLog = 0;
              };
              55643499041E48F898F28E40 /* CMake Rules */ = {
                     isa = PBXShellScriptBuildPhase;
                     buildActionMask = 2147483647;
                     files = (
                     );
                     name = "CMake Rules";
                     runOnlyForDeploymentPostprocessing = 0;
                     shellPath = /bin/sh;
                     shellScript = "make -C /Users/user/Developer/sphere/movies/tomatoes/test -f /Users/user/Developer/sphere/movies/tomatoes/test/CMakeScripts/ALL_BUILD_cmakeRulesBuildPhase.make$CONFIGURATION all";
                     showEnvVarsInLog = 0;
              };
              DA490C680EBD40099C45F8D4 /*  */ = {
                     isa = PBXShellScriptBuildPhase;
                     buildActionMask = 2147483647;
                     files = (
                     );
                     inputPaths = (
                     );
                     outputPaths = (
                     );
                     runOnlyForDeploymentPostprocessing = 0;
                     shellPath = /bin/sh;
                     shellScript = "# shell script goes here
exit 0";
                     showEnvVarsInLog = 0;
              };
              80D8FA4E46AE47A1AF2B4A12 /* CMake Rules */ = {
                     isa = PBXShellScriptBuildPhase;
                     buildActionMask = 2147483647;
                     files = (
                     );
                     name = "CMake Rules";
                     runOnlyForDeploymentPostprocessing = 0;
                     shellPath = /bin/sh;
                     shellScript = "make -C /Users/user/Developer/sphere/movies/tomatoes/test -f /Users/user/Developer/sphere/movies/tomatoes/test/CMakeScripts/ZERO_CHECK_cmakeRulesBuildPhase.make$CONFIGURATION all";
                     showEnvVarsInLog = 0;
              };
              7FECAA4D5A8F4B89B31FF158 /* CMake PostBuild Rules */ = {
                     isa = PBXShellScriptBuildPhase;
                     buildActionMask = 2147483647;
                     files = (
                     );
                     name = "CMake PostBuild Rules";
                     runOnlyForDeploymentPostprocessing = 0;
                     shellPath = /bin/sh;
                     shellScript = "make -C /Users/user/Developer/sphere/movies/tomatoes/test -f /Users/user/Developer/sphere/movies/tomatoes/test/CMakeScripts/pool_postBuildPhase.make$CONFIGURATION all";
                     showEnvVarsInLog = 0;
              };
/* End PBXShellScriptBuildPhase section */

/* Begin PBXSourcesBuildPhase section */
              3DC5BA53DB064A73BC2A5913 /* Sources */ = {
                     isa = PBXSourcesBuildPhase;
                     buildActionMask = 2147483647;
                     files = (
                            B0D82789C1DC44C3ADD4A772 /* /Users/user/Developer/sphere/movies/tomatoes/test/pool.cpp */,
                     );
                     runOnlyForDeploymentPostprocessing = 0;
              };
/* End PBXSourcesBuildPhase section */

/* Begin PBXTargetDependency section */
              492B97E22C02469D9ABF972D /* PBXTargetDependency */ = {
                     isa = PBXTargetDependency;
                     target = 468DFA37EAF44C1095E387CD /* pool */;
                     targetProxy = F4A178D4505D488089FA02E4 /* PBXContainerItemProxy */;
              };
              24D683905E5A4AF58AC2D206 /* PBXTargetDependency */ = {
                     isa = PBXTargetDependency;
                     target = 27F4A1348C0042B98D976372 /* ZERO_CHECK */;
                     targetProxy = A2408399CC2445D9A26E4850 /* PBXContainerItemProxy */;
              };
/* End PBXTargetDependency section */

/* Begin XCBuildConfiguration section */
              182EA96498C0467487AEDE64 /* Debug */ = {
                     isa = XCBuildConfiguration;
                     buildSettings = {
                            ARCHS = "$(ARCHS_STANDARD_32_64_BIT)";
                            ONLY_ACTIVE_ARCH = YES;
                            SDKROOT = "/Applications/Xcode.app/Contents/Developer/Platforms/MacOSX.platform/Developer/SDKs/MacOSX10.8.sdk";
                            SYMROOT = /Users/user/Developer/sphere/movies/tomatoes/test/build;
                     };
                     name = Debug;
              };
              0794D20D8F384DB4B55FF30A /* Release */ = {
                     isa = XCBuildConfiguration;
                     buildSettings = {
                            ARCHS = "$(ARCHS_STANDARD_32_64_BIT)";
                            ONLY_ACTIVE_ARCH = YES;
                            SDKROOT = "/Applications/Xcode.app/Contents/Developer/Platforms/MacOSX.platform/Developer/SDKs/MacOSX10.8.sdk";
                            SYMROOT = /Users/user/Developer/sphere/movies/tomatoes/test/build;
                     };
                     name = Release;
              };
              F5E00E6B3BE846BB9AF489EE /* MinSizeRel */ = {
                     isa = XCBuildConfiguration;
                     buildSettings = {
                            ARCHS = "$(ARCHS_STANDARD_32_64_BIT)";
                            ONLY_ACTIVE_ARCH = YES;
                            SDKROOT = "/Applications/Xcode.app/Contents/Developer/Platforms/MacOSX.platform/Developer/SDKs/MacOSX10.8.sdk";
                            SYMROOT = /Users/user/Developer/sphere/movies/tomatoes/test/build;
                     };
                     name = MinSizeRel;
              };
              8B2C01280FB64C3B9D93B6BD /* RelWithDebInfo */ = {
                     isa = XCBuildConfiguration;
                     buildSettings = {
                            ARCHS = "$(ARCHS_STANDARD_32_64_BIT)";
                            ONLY_ACTIVE_ARCH = YES;
                            SDKROOT = "/Applications/Xcode.app/Contents/Developer/Platforms/MacOSX.platform/Developer/SDKs/MacOSX10.8.sdk";
                            SYMROOT = /Users/user/Developer/sphere/movies/tomatoes/test/build;
                     };
                     name = RelWithDebInfo;
              };
              E5E46A93BB9A43469C3F1A44 /* Debug */ = {
                     isa = XCBuildConfiguration;
                     buildSettings = {
                            GCC_GENERATE_DEBUGGING_SYMBOLS = NO;
                            GCC_INLINES_ARE_PRIVATE_EXTERN = NO;
                            GCC_OPTIMIZATION_LEVEL = 0;
                            GCC_PREPROCESSOR_DEFINITIONS = ("'CMAKE_INTDIR=\"$(CONFIGURATION)$(EFFECTIVE_PLATFORM_NAME)\"'", );
                            GCC_SYMBOLS_PRIVATE_EXTERN = NO;
                            HEADER_SEARCH_PATHS = (/usr/local/include, );
                            INSTALL_PATH = "";
                            OTHER_CFLAGS = "  ";
                            OTHER_LDFLAGS = "";
                            OTHER_REZFLAGS = "";
                            PRODUCT_NAME = ALL_BUILD;
                            SECTORDER_FLAGS = "";
                            SYMROOT = /Users/user/Developer/sphere/movies/tomatoes/test;
                            USE_HEADERMAP = NO;
                            WARNING_CFLAGS = ("-Wmost", "-Wno-four-char-constants", "-Wno-unknown-pragmas", );
                     };
                     name = Debug;
              };
              FBBEDF17797745A193FAD0E7 /* Release */ = {
                     isa = XCBuildConfiguration;
                     buildSettings = {
                            GCC_GENERATE_DEBUGGING_SYMBOLS = NO;
                            GCC_INLINES_ARE_PRIVATE_EXTERN = NO;
                            GCC_OPTIMIZATION_LEVEL = 0;
                            GCC_PREPROCESSOR_DEFINITIONS = ("'CMAKE_INTDIR=\"$(CONFIGURATION)$(EFFECTIVE_PLATFORM_NAME)\"'", );
                            GCC_SYMBOLS_PRIVATE_EXTERN = NO;
                            HEADER_SEARCH_PATHS = (/usr/local/include, );
                            INSTALL_PATH = "";
                            OTHER_CFLAGS = "  ";
                            OTHER_LDFLAGS = "";
                            OTHER_REZFLAGS = "";
                            PRODUCT_NAME = ALL_BUILD;
                            SECTORDER_FLAGS = "";
                            SYMROOT = /Users/user/Developer/sphere/movies/tomatoes/test;
                            USE_HEADERMAP = NO;
                            WARNING_CFLAGS = ("-Wmost", "-Wno-four-char-constants", "-Wno-unknown-pragmas", );
                     };
                     name = Release;
              };
              97CAE00D4BCF46D6BAC0E50F /* MinSizeRel */ = {
                     isa = XCBuildConfiguration;
                     buildSettings = {
                            GCC_GENERATE_DEBUGGING_SYMBOLS = NO;
                            GCC_INLINES_ARE_PRIVATE_EXTERN = NO;
                            GCC_OPTIMIZATION_LEVEL = 0;
                            GCC_PREPROCESSOR_DEFINITIONS = ("'CMAKE_INTDIR=\"$(CONFIGURATION)$(EFFECTIVE_PLATFORM_NAME)\"'", );
                            GCC_SYMBOLS_PRIVATE_EXTERN = NO;
                            HEADER_SEARCH_PATHS = (/usr/local/include, );
                            INSTALL_PATH = "";
                            OTHER_CFLAGS = "  ";
                            OTHER_LDFLAGS = "";
                            OTHER_REZFLAGS = "";
                            PRODUCT_NAME = ALL_BUILD;
                            SECTORDER_FLAGS = "";
                            SYMROOT = /Users/user/Developer/sphere/movies/tomatoes/test;
                            USE_HEADERMAP = NO;
                            WARNING_CFLAGS = ("-Wmost", "-Wno-four-char-constants", "-Wno-unknown-pragmas", );
                     };
                     name = MinSizeRel;
              };
              FD41AFA88FF545D3844FFDE2 /* RelWithDebInfo */ = {
                     isa = XCBuildConfiguration;
                     buildSettings = {
                            GCC_GENERATE_DEBUGGING_SYMBOLS = NO;
                            GCC_INLINES_ARE_PRIVATE_EXTERN = NO;
                            GCC_OPTIMIZATION_LEVEL = 0;
                            GCC_PREPROCESSOR_DEFINITIONS = ("'CMAKE_INTDIR=\"$(CONFIGURATION)$(EFFECTIVE_PLATFORM_NAME)\"'", );
                            GCC_SYMBOLS_PRIVATE_EXTERN = NO;
                            HEADER_SEARCH_PATHS = (/usr/local/include, );
                            INSTALL_PATH = "";
                            OTHER_CFLAGS = "  ";
                            OTHER_LDFLAGS = "";
                            OTHER_REZFLAGS = "";
                            PRODUCT_NAME = ALL_BUILD;
                            SECTORDER_FLAGS = "";
                            SYMROOT = /Users/user/Developer/sphere/movies/tomatoes/test;
                            USE_HEADERMAP = NO;
                            WARNING_CFLAGS = ("-Wmost", "-Wno-four-char-constants", "-Wno-unknown-pragmas", );
                     };
                     name = RelWithDebInfo;
              };
              4D13466477AB41A08F8E24A3 /* Debug */ = {
                     isa = XCBuildConfiguration;
                     buildSettings = {
                            GCC_GENERATE_DEBUGGING_SYMBOLS = NO;
                            GCC_INLINES_ARE_PRIVATE_EXTERN = NO;
                            GCC_OPTIMIZATION_LEVEL = 0;
                            GCC_PREPROCESSOR_DEFINITIONS = ("'CMAKE_INTDIR=\"$(CONFIGURATION)$(EFFECTIVE_PLATFORM_NAME)\"'", );
                            GCC_SYMBOLS_PRIVATE_EXTERN = NO;
                            HEADER_SEARCH_PATHS = (/usr/local/include, );
                            INSTALL_PATH = "";
                            OTHER_CFLAGS = "  ";
                            OTHER_LDFLAGS = "";
                            OTHER_REZFLAGS = "";
                            PRODUCT_NAME = ZERO_CHECK;
                            SECTORDER_FLAGS = "";
                            SYMROOT = /Users/user/Developer/sphere/movies/tomatoes/test;
                            USE_HEADERMAP = NO;
                            WARNING_CFLAGS = ("-Wmost", "-Wno-four-char-constants", "-Wno-unknown-pragmas", );
                     };
                     name = Debug;
              };
              F54455F22071460F908B11B6 /* Release */ = {
                     isa = XCBuildConfiguration;
                     buildSettings = {
                            GCC_GENERATE_DEBUGGING_SYMBOLS = NO;
                            GCC_INLINES_ARE_PRIVATE_EXTERN = NO;
                            GCC_OPTIMIZATION_LEVEL = 0;
                            GCC_PREPROCESSOR_DEFINITIONS = ("'CMAKE_INTDIR=\"$(CONFIGURATION)$(EFFECTIVE_PLATFORM_NAME)\"'", );
                            GCC_SYMBOLS_PRIVATE_EXTERN = NO;
                            HEADER_SEARCH_PATHS = (/usr/local/include, );
                            INSTALL_PATH = "";
                            OTHER_CFLAGS = "  ";
                            OTHER_LDFLAGS = "";
                            OTHER_REZFLAGS = "";
                            PRODUCT_NAME = ZERO_CHECK;
                            SECTORDER_FLAGS = "";
                            SYMROOT = /Users/user/Developer/sphere/movies/tomatoes/test;
                            USE_HEADERMAP = NO;
                            WARNING_CFLAGS = ("-Wmost", "-Wno-four-char-constants", "-Wno-unknown-pragmas", );
                     };
                     name = Release;
              };
              403368B768E74DBFB1B05CFC /* MinSizeRel */ = {
                     isa = XCBuildConfiguration;
                     buildSettings = {
                            GCC_GENERATE_DEBUGGING_SYMBOLS = NO;
                            GCC_INLINES_ARE_PRIVATE_EXTERN = NO;
                            GCC_OPTIMIZATION_LEVEL = 0;
                            GCC_PREPROCESSOR_DEFINITIONS = ("'CMAKE_INTDIR=\"$(CONFIGURATION)$(EFFECTIVE_PLATFORM_NAME)\"'", );
                            GCC_SYMBOLS_PRIVATE_EXTERN = NO;
                            HEADER_SEARCH_PATHS = (/usr/local/include, );
                            INSTALL_PATH = "";
                            OTHER_CFLAGS = "  ";
                            OTHER_LDFLAGS = "";
                            OTHER_REZFLAGS = "";
                            PRODUCT_NAME = ZERO_CHECK;
                            SECTORDER_FLAGS = "";
                            SYMROOT = /Users/user/Developer/sphere/movies/tomatoes/test;
                            USE_HEADERMAP = NO;
                            WARNING_CFLAGS = ("-Wmost", "-Wno-four-char-constants", "-Wno-unknown-pragmas", );
                     };
                     name = MinSizeRel;
              };
              14897F4420644865805C78D0 /* RelWithDebInfo */ = {
                     isa = XCBuildConfiguration;
                     buildSettings = {
                            GCC_GENERATE_DEBUGGING_SYMBOLS = NO;
                            GCC_INLINES_ARE_PRIVATE_EXTERN = NO;
                            GCC_OPTIMIZATION_LEVEL = 0;
                            GCC_PREPROCESSOR_DEFINITIONS = ("'CMAKE_INTDIR=\"$(CONFIGURATION)$(EFFECTIVE_PLATFORM_NAME)\"'", );
                            GCC_SYMBOLS_PRIVATE_EXTERN = NO;
                            HEADER_SEARCH_PATHS = (/usr/local/include, );
                            INSTALL_PATH = "";
                            OTHER_CFLAGS = "  ";
                            OTHER_LDFLAGS = "";
                            OTHER_REZFLAGS = "";
                            PRODUCT_NAME = ZERO_CHECK;
                            SECTORDER_FLAGS = "";
                            SYMROOT = /Users/user/Developer/sphere/movies/tomatoes/test;
                            USE_HEADERMAP = NO;
                            WARNING_CFLAGS = ("-Wmost", "-Wno-four-char-constants", "-Wno-unknown-pragmas", );
                     };
                     name = RelWithDebInfo;
              };
              30B4373CBCB345F581AEA0A3 /* Debug */ = {
                     isa = XCBuildConfiguration;
                     buildSettings = {
                            EXECUTABLE_PREFIX = "";
                            EXECUTABLE_SUFFIX = "";
                            GCC_GENERATE_DEBUGGING_SYMBOLS = YES;
                            GCC_INLINES_ARE_PRIVATE_EXTERN = NO;
                            GCC_OPTIMIZATION_LEVEL = 0;
                            GCC_PREPROCESSOR_DEFINITIONS = ("'CMAKE_INTDIR=\"$(CONFIGURATION)$(EFFECTIVE_PLATFORM_NAME)\"'", );
                            GCC_SYMBOLS_PRIVATE_EXTERN = NO;
                            HEADER_SEARCH_PATHS = (/usr/local/include, );
                            INSTALL_PATH = "";
                            LIBRARY_SEARCH_PATHS = "";
                            OTHER_CFLAGS = "    ";
                            OTHER_CPLUSPLUSFLAGS = "    ";
                            OTHER_LDFLAGS = "  -Wl,-search_paths_first -Wl,-headerpad_max_install_names ";
                            OTHER_REZFLAGS = "";
                            PRODUCT_NAME = pool;
                            SECTORDER_FLAGS = "";
                            SYMROOT = /Users/user/Developer/sphere/movies/tomatoes/test;
                            USE_HEADERMAP = NO;
                            WARNING_CFLAGS = ("-Wmost", "-Wno-four-char-constants", "-Wno-unknown-pragmas", );
                     };
                     name = Debug;
              };
              DF8CA1DEC50548D4B129B079 /* Release */ = {
                     isa = XCBuildConfiguration;
                     buildSettings = {
                            EXECUTABLE_PREFIX = "";
                            EXECUTABLE_SUFFIX = "";
                            GCC_GENERATE_DEBUGGING_SYMBOLS = NO;
                            GCC_INLINES_ARE_PRIVATE_EXTERN = NO;
                            GCC_OPTIMIZATION_LEVEL = 3;
                            GCC_PREPROCESSOR_DEFINITIONS = ("'CMAKE_INTDIR=\"$(CONFIGURATION)$(EFFECTIVE_PLATFORM_NAME)\"'", );
                            GCC_SYMBOLS_PRIVATE_EXTERN = NO;
                            HEADER_SEARCH_PATHS = (/usr/local/include, );
                            INSTALL_PATH = "";
                            LIBRARY_SEARCH_PATHS = "";
                            OTHER_CFLAGS = "    -DNDEBUG  ";
                            OTHER_CPLUSPLUSFLAGS = "    -DNDEBUG  ";
                            OTHER_LDFLAGS = "  -Wl,-search_paths_first -Wl,-headerpad_max_install_names ";
                            OTHER_REZFLAGS = "";
                            PRODUCT_NAME = pool;
                            SECTORDER_FLAGS = "";
                            SYMROOT = /Users/user/Developer/sphere/movies/tomatoes/test;
                            USE_HEADERMAP = NO;
                            WARNING_CFLAGS = ("-Wmost", "-Wno-four-char-constants", "-Wno-unknown-pragmas", );
                     };
                     name = Release;
              };
              326DAAD08E0C4BB6BE6254F1 /* MinSizeRel */ = {
                     isa = XCBuildConfiguration;
                     buildSettings = {
                            EXECUTABLE_PREFIX = "";
                            EXECUTABLE_SUFFIX = "";
                            GCC_GENERATE_DEBUGGING_SYMBOLS = NO;
                            GCC_INLINES_ARE_PRIVATE_EXTERN = NO;
                            GCC_OPTIMIZATION_LEVEL = s;
                            GCC_PREPROCESSOR_DEFINITIONS = ("'CMAKE_INTDIR=\"$(CONFIGURATION)$(EFFECTIVE_PLATFORM_NAME)\"'", );
                            GCC_SYMBOLS_PRIVATE_EXTERN = NO;
                            HEADER_SEARCH_PATHS = (/usr/local/include, );
                            INSTALL_PATH = "";
                            LIBRARY_SEARCH_PATHS = "";
                            OTHER_CFLAGS = "    -DNDEBUG  ";
                            OTHER_CPLUSPLUSFLAGS = "    -DNDEBUG  ";
                            OTHER_LDFLAGS = "  -Wl,-search_paths_first -Wl,-headerpad_max_install_names ";
                            OTHER_REZFLAGS = "";
                            PRODUCT_NAME = pool;
                            SECTORDER_FLAGS = "";
                            SYMROOT = /Users/user/Developer/sphere/movies/tomatoes/test;
                            USE_HEADERMAP = NO;
                            WARNING_CFLAGS = ("-Wmost", "-Wno-four-char-constants", "-Wno-unknown-pragmas", );
                     };
                     name = MinSizeRel;
              };
              09063AA195AC44EF95291ED4 /* RelWithDebInfo */ = {
                     isa = XCBuildConfiguration;
                     buildSettings = {
                            EXECUTABLE_PREFIX = "";
                            EXECUTABLE_SUFFIX = "";
                            GCC_GENERATE_DEBUGGING_SYMBOLS = YES;
                            GCC_INLINES_ARE_PRIVATE_EXTERN = NO;
                            GCC_OPTIMIZATION_LEVEL = 2;
                            GCC_PREPROCESSOR_DEFINITIONS = ("'CMAKE_INTDIR=\"$(CONFIGURATION)$(EFFECTIVE_PLATFORM_NAME)\"'", );
                            GCC_SYMBOLS_PRIVATE_EXTERN = NO;
                            HEADER_SEARCH_PATHS = (/usr/local/include, );
                            INSTALL_PATH = "";
                            LIBRARY_SEARCH_PATHS = "";
                            OTHER_CFLAGS = "       -DNDEBUG  ";
                            OTHER_CPLUSPLUSFLAGS = "       -DNDEBUG  ";
                            OTHER_LDFLAGS = "  -Wl,-search_paths_first -Wl,-headerpad_max_install_names ";
                            OTHER_REZFLAGS = "";
                            PRODUCT_NAME = pool;
                            SECTORDER_FLAGS = "";
                            SYMROOT = /Users/user/Developer/sphere/movies/tomatoes/test;
                            USE_HEADERMAP = NO;
                            WARNING_CFLAGS = ("-Wmost", "-Wno-four-char-constants", "-Wno-unknown-pragmas", );
                     };
                     name = RelWithDebInfo;
              };
/* End XCBuildConfiguration section */

/* Begin XCConfigurationList section */
              E39AD5A66B814417B9841B88 /* Build configuration list for PBXProject  "Pool" */ = {
                     isa = XCConfigurationList;
                     buildConfigurations = (
                            182EA96498C0467487AEDE64 /* Debug */,
                            0794D20D8F384DB4B55FF30A /* Release */,
                            F5E00E6B3BE846BB9AF489EE /* MinSizeRel */,
                            8B2C01280FB64C3B9D93B6BD /* RelWithDebInfo */,
                     );
                     defaultConfigurationIsVisible = 0;
                     defaultConfigurationName = Debug;
              };
              18093E9C3434457498FF93D7 /* Build configuration list for PBXAggregateTarget "ALL_BUILD" */ = {
                     isa = XCConfigurationList;
                     buildConfigurations = (
                            E5E46A93BB9A43469C3F1A44 /* Debug */,
                            FBBEDF17797745A193FAD0E7 /* Release */,
                            97CAE00D4BCF46D6BAC0E50F /* MinSizeRel */,
                            FD41AFA88FF545D3844FFDE2 /* RelWithDebInfo */,
                     );
                     defaultConfigurationIsVisible = 0;
                     defaultConfigurationName = Debug;
              };
              C9BCA761DA3347E4A59EBBA7 /* Build configuration list for PBXAggregateTarget "ZERO_CHECK" */ = {
                     isa = XCConfigurationList;
                     buildConfigurations = (
                            4D13466477AB41A08F8E24A3 /* Debug */,
                            F54455F22071460F908B11B6 /* Release */,
                            403368B768E74DBFB1B05CFC /* MinSizeRel */,
                            14897F4420644865805C78D0 /* RelWithDebInfo */,
                     );
                     defaultConfigurationIsVisible = 0;
                     defaultConfigurationName = Debug;
              };
              8ADE43A0AC644196B10D4E60 /* Build configuration list for PBXNativeTarget "pool" */ = {
                     isa = XCConfigurationList;
                     buildConfigurations = (
                            30B4373CBCB345F581AEA0A3 /* Debug */,
                            DF8CA1DEC50548D4B129B079 /* Release */,
                            326DAAD08E0C4BB6BE6254F1 /* MinSizeRel */,
                            09063AA195AC44EF95291ED4 /* RelWithDebInfo */,
                     );
                     defaultConfigurationIsVisible = 0;
                     defaultConfigurationName = Debug;
              };
/* End XCConfigurationList section */
       };
       rootObject = 3905A1C0B9104F96B9DA6CE8;
}
