// !$*UTF8*$!
{
       archiveVersion = 1;
       classes = {
       };
       objectVersion = 46;
       objects = {

/* Begin PBXAggregateTarget section */
              492176510D4A486383AE64CE /* ALL_BUILD */ = {
                     isa = PBXAggregateTarget;
                     buildConfigurationList = EA9B26DBD136426DA72D9AAC /* Build configuration list for PBXAggregateTarget "ALL_BUILD" */;
                     buildPhases = (
                            7EDC45032123452DAB0316A0 /* CMake Rules */,
                     );
                     dependencies = (
                            39436670D94C4FFB95F04FA9 /* PBXTargetDependency */,
                            1CC75630BC6E47DEAA2EB2D2 /* PBXTargetDependency */,
                            8E88307E56C04B2F996CBA2F /* PBXTargetDependency */,
                     );
                     name = ALL_BUILD;
                     productName = ALL_BUILD;
              };
              E0E49635312545498899BC61 /* ZERO_CHECK */ = {
                     isa = PBXAggregateTarget;
                     buildConfigurationList = A3F6F46F221045D29FB3ACFE /* Build configuration list for PBXAggregateTarget "ZERO_CHECK" */;
                     buildPhases = (
                            E0191AACC8C241AA9CECBD11 /* CMake Rules */,
                     );
                     dependencies = (
                     );
                     name = ZERO_CHECK;
                     productName = ZERO_CHECK;
              };
/* End PBXAggregateTarget section */

/* Begin PBXBuildFile section */
967A8211C1694CB3950B901B /* /Users/user/Developer/sphere/movies/tomatoes/test/RedBlack.c */ = {isa = PBXBuildFile; fileRef = FCCBACCC4CD54291A18D7C5E /* /Users/user/Developer/sphere/movies/tomatoes/test/RedBlack.c */; settings = { COMPILER_FLAGS = ""; }; };
BA84E1D63E494BE5BE07A593 /* /Users/user/Developer/sphere/movies/tomatoes/test/CMakeLists.txt */ = {isa = PBXBuildFile; fileRef = 078198BE532942FCA90EFEAF /* /Users/user/Developer/sphere/movies/tomatoes/test/CMakeLists.txt */; settings = { COMPILER_FLAGS = ""; }; };
CCCA228F15964D009291472A /* /Users/user/Developer/sphere/movies/tomatoes/test/red-black.c */ = {isa = PBXBuildFile; fileRef = 2854BC78D16F43D799E479AF /* /Users/user/Developer/sphere/movies/tomatoes/test/red-black.c */; settings = { COMPILER_FLAGS = ""; }; };
92DB208D6FB54B1E89013889 /* /Users/user/Developer/sphere/movies/tomatoes/test/CMakeLists.txt */ = {isa = PBXBuildFile; fileRef = 078198BE532942FCA90EFEAF /* /Users/user/Developer/sphere/movies/tomatoes/test/CMakeLists.txt */; settings = { COMPILER_FLAGS = ""; }; };
/* End PBXBuildFile section */

/* Begin PBXBuildStyle section */
              38F3E55DC89C47C6AA975281 /*  */ = {
                     isa = PBXBuildStyle;
              };
              11A0C49EC37C4E2796A362D4 /* Debug */ = {
                     isa = PBXBuildStyle;
                     buildSettings = {
                            COPY_PHASE_STRIP = NO;
                     };
                     name = Debug;
              };
              586D1E275E6D46F8B6A54D92 /* Release */ = {
                     isa = PBXBuildStyle;
                     buildSettings = {
                            COPY_PHASE_STRIP = NO;
                     };
                     name = Release;
              };
              D1DC4D8E1A0F4E7A992F532D /* MinSizeRel */ = {
                     isa = PBXBuildStyle;
                     buildSettings = {
                            COPY_PHASE_STRIP = NO;
                     };
                     name = MinSizeRel;
              };
              E80E3DA5FA184C76B931F066 /* RelWithDebInfo */ = {
                     isa = PBXBuildStyle;
                     buildSettings = {
                            COPY_PHASE_STRIP = NO;
                     };
                     name = RelWithDebInfo;
              };
/* End PBXBuildStyle section */

/* Begin PBXContainerItemProxy section */
              B1404734CE0A4BF786E71B4D /* PBXContainerItemProxy */ = {
                     isa = PBXContainerItemProxy;
                     containerPortal = A385C4221FA14CCE8DD66163 /* Project object */;
                     proxyType = 1;
                     remoteGlobalIDString = E0E49635312545498899BC61;
                     remoteInfo = ZERO_CHECK;
              };
              B7A69F67E1D841328558D2D9 /* PBXContainerItemProxy */ = {
                     isa = PBXContainerItemProxy;
                     containerPortal = A385C4221FA14CCE8DD66163 /* Project object */;
                     proxyType = 1;
                     remoteGlobalIDString = 1210C628F3804A1EB2EEF5F4;
                     remoteInfo = tree;
              };
              2DE7B4EEA7204BAD9A239AA4 /* PBXContainerItemProxy */ = {
                     isa = PBXContainerItemProxy;
                     containerPortal = A385C4221FA14CCE8DD66163 /* Project object */;
                     proxyType = 1;
                     remoteGlobalIDString = ECBFB148E7A548CEB855D0D8;
                     remoteInfo = treeEx;
              };
/* End PBXContainerItemProxy section */

/* Begin PBXFileReference section */
078198BE532942FCA90EFEAF /* /Users/user/Developer/sphere/movies/tomatoes/test/CMakeLists.txt */ = {isa = PBXFileReference; fileEncoding = 4; lastKnownFileType = "sourcecode.text"; name = "CMakeLists.txt"; path = "CMakeLists.txt"; sourceTree = SOURCE_ROOT; };
FCCBACCC4CD54291A18D7C5E /* /Users/user/Developer/sphere/movies/tomatoes/test/RedBlack.c */ = {isa = PBXFileReference; fileEncoding = 4; lastKnownFileType = "sourcecode.c.c"; name = "RedBlack.c"; path = "RedBlack.c"; sourceTree = SOURCE_ROOT; };
E000FD56225E406A939401AA /* tree */ = {isa = PBXFileReference; explicitFileType = "compiled.mach-o.executable"; path = tree; refType = 0; sourceTree = BUILT_PRODUCTS_DIR; };
2854BC78D16F43D799E479AF /* /Users/user/Developer/sphere/movies/tomatoes/test/red-black.c */ = {isa = PBXFileReference; fileEncoding = 4; lastKnownFileType = "sourcecode.c.c"; name = "red-black.c"; path = "red-black.c"; sourceTree = SOURCE_ROOT; };
62A5C2FE0641455CADC782D9 /* treeEx */ = {isa = PBXFileReference; explicitFileType = "compiled.mach-o.executable"; path = treeEx; refType = 0; sourceTree = BUILT_PRODUCTS_DIR; };
/* End PBXFileReference section */

/* Begin PBXGroup section */
              52826A8177F643C58A2A89A0  = {
                     isa = PBXGroup;
                     children = (
                            2E30518A3EE84BD3A5E1AF43 /* Sources */,
                            91535CBE6DB34497BE7CF300 /* Resources */,
                            54B728A46CF1465BA08A2A0E /* Products */,
                     );
                     sourceTree = "<group>";
              };
              2E30518A3EE84BD3A5E1AF43 /* Sources */ = {
                     isa = PBXGroup;
                     children = (
                            B0E49F19AA244050B7CC990C /* ALL_BUILD */,
                            4BC58F4037034FE487AE0702 /* ZERO_CHECK */,
                            4B0324AF8C5746A889690632 /* tree */,
                            0DCBCB9BC0014613B65B11AA /* treeEx */,
                     );
                     name = Sources;
                     sourceTree = "<group>";
              };
              91535CBE6DB34497BE7CF300 /* Resources */ = {
                     isa = PBXGroup;
                     children = (
                     );
                     name = Resources;
                     sourceTree = "<group>";
              };
              B0E49F19AA244050B7CC990C /* ALL_BUILD */ = {
                     isa = PBXGroup;
                     children = (
                            457494127BBD405387328997 /* CMake Rules */,
                            078198BE532942FCA90EFEAF /* /Users/user/Developer/sphere/movies/tomatoes/test/CMakeLists.txt */,
                     );
                     name = ALL_BUILD;
                     sourceTree = "<group>";
              };
              457494127BBD405387328997 /* CMake Rules */ = {
                     isa = PBXGroup;
                     children = (
                     );
                     name = "CMake Rules";
                     sourceTree = "<group>";
              };
              4BC58F4037034FE487AE0702 /* ZERO_CHECK */ = {
                     isa = PBXGroup;
                     children = (
                            E322CA8E73B0467DA790F4CB /* CMake Rules */,
                            078198BE532942FCA90EFEAF /* /Users/user/Developer/sphere/movies/tomatoes/test/CMakeLists.txt */,
                     );
                     name = ZERO_CHECK;
                     sourceTree = "<group>";
              };
              E322CA8E73B0467DA790F4CB /* CMake Rules */ = {
                     isa = PBXGroup;
                     children = (
                     );
                     name = "CMake Rules";
                     sourceTree = "<group>";
              };
              4B0324AF8C5746A889690632 /* tree */ = {
                     isa = PBXGroup;
                     children = (
                            8216206594C741B49A8BFA4E /* Source Files */,
                            078198BE532942FCA90EFEAF /* /Users/user/Developer/sphere/movies/tomatoes/test/CMakeLists.txt */,
                     );
                     name = tree;
                     sourceTree = "<group>";
              };
              8216206594C741B49A8BFA4E /* Source Files */ = {
                     isa = PBXGroup;
                     children = (
                            FCCBACCC4CD54291A18D7C5E /* /Users/user/Developer/sphere/movies/tomatoes/test/RedBlack.c */,
                     );
                     name = "Source Files";
                     sourceTree = "<group>";
              };
              0DCBCB9BC0014613B65B11AA /* treeEx */ = {
                     isa = PBXGroup;
                     children = (
                            EB1708CB68444747A5FE5EDF /* Source Files */,
                            078198BE532942FCA90EFEAF /* /Users/user/Developer/sphere/movies/tomatoes/test/CMakeLists.txt */,
                     );
                     name = treeEx;
                     sourceTree = "<group>";
              };
              EB1708CB68444747A5FE5EDF /* Source Files */ = {
                     isa = PBXGroup;
                     children = (
                            2854BC78D16F43D799E479AF /* /Users/user/Developer/sphere/movies/tomatoes/test/red-black.c */,
                     );
                     name = "Source Files";
                     sourceTree = "<group>";
              };
              54B728A46CF1465BA08A2A0E /* Products */ = {
                     isa = PBXGroup;
                     children = (
                            E000FD56225E406A939401AA /* tree */,
                            62A5C2FE0641455CADC782D9 /* treeEx */,
                     );
                     name = Products;
                     sourceTree = "<group>";
              };
/* End PBXGroup section */

/* Begin PBXNativeTarget section */
              1210C628F3804A1EB2EEF5F4 /* tree */ = {
                     isa = PBXNativeTarget;
                     buildConfigurationList = ED996B623DD74D69BF9836A7 /* Build configuration list for PBXNativeTarget "tree" */;
                     buildPhases = (
                            B3E4CC82AEDE4089BAD46B68 /* Sources */,
                            467BD45006CF4CAA8ED08A83 /* CMake PostBuild Rules */,
                     );
                     buildRules = (
                     );
                     dependencies = (
                            39436670D94C4FFB95F04FA9 /* PBXTargetDependency */,
                     );
                     name = tree;
                     productName = tree;
                     productReference = E000FD56225E406A939401AA /* tree */;
                     productType = "com.apple.product-type.tool";
              };
              ECBFB148E7A548CEB855D0D8 /* treeEx */ = {
                     isa = PBXNativeTarget;
                     buildConfigurationList = CD11F206ACB54116A64772EB /* Build configuration list for PBXNativeTarget "treeEx" */;
                     buildPhases = (
                            2F452E8CDD86420FAE66C43D /* Sources */,
                            E996982809004B4B9424F66D /* CMake PostBuild Rules */,
                     );
                     buildRules = (
                     );
                     dependencies = (
                            39436670D94C4FFB95F04FA9 /* PBXTargetDependency */,
                     );
                     name = treeEx;
                     productName = treeEx;
                     productReference = 62A5C2FE0641455CADC782D9 /* treeEx */;
                     productType = "com.apple.product-type.tool";
              };
/* End PBXNativeTarget section */

/* Begin PBXProject section */
              A385C4221FA14CCE8DD66163 /* Project object */ = {
                     isa = PBXProject;
                     attributes = {
                            BuildIndependentTargetsInParallel = YES;
                     };
                     buildConfigurationList = 63473BD7726A4A1BB905F2C0 /* Build configuration list for PBXProject  "RED_BLACK_TREE" */;
                     buildSettings = {
                     };
                     buildStyles = (
                            11A0C49EC37C4E2796A362D4 /* Debug */,
                            586D1E275E6D46F8B6A54D92 /* Release */,
                            D1DC4D8E1A0F4E7A992F532D /* MinSizeRel */,
                            E80E3DA5FA184C76B931F066 /* RelWithDebInfo */,
                     );
                     compatibilityVersion = "Xcode 3.2";
                     hasScannedForEncodings = 0;
                     mainGroup = 52826A8177F643C58A2A89A0;
                     projectDirPath = ".";
                     projectRoot = "";
                     targets = (
                            492176510D4A486383AE64CE /* ALL_BUILD */,
                            E0E49635312545498899BC61 /* ZERO_CHECK */,
                            1210C628F3804A1EB2EEF5F4 /* tree */,
                            ECBFB148E7A548CEB855D0D8 /* treeEx */,
                     );
              };
/* End PBXProject section */

/* Begin PBXShellScriptBuildPhase section */
              6FE27035B2EE4255A3B946BF /*  */ = {
                     isa = PBXShellScriptBuildPhase;
                     buildActionMask = 2147483647;
                     files = (
                     );
                     inputPaths = (
                     );
                     outputPaths = (
                     );
                     runOnlyForDeploymentPostprocessing = 0;
                     shellPath = /bin/sh;
                     shellScript = "# shell script goes here
exit 0";
                     showEnvVarsInLog = 0;
              };
              7EDC45032123452DAB0316A0 /* CMake Rules */ = {
                     isa = PBXShellScriptBuildPhase;
                     buildActionMask = 2147483647;
                     files = (
                     );
                     name = "CMake Rules";
                     runOnlyForDeploymentPostprocessing = 0;
                     shellPath = /bin/sh;
                     shellScript = "make -C /Users/user/Developer/sphere/movies/tomatoes/test -f /Users/user/Developer/sphere/movies/tomatoes/test/CMakeScripts/ALL_BUILD_cmakeRulesBuildPhase.make$CONFIGURATION all";
                     showEnvVarsInLog = 0;
              };
              915EE9CD8D724680AC376205 /*  */ = {
                     isa = PBXShellScriptBuildPhase;
                     buildActionMask = 2147483647;
                     files = (
                     );
                     inputPaths = (
                     );
                     outputPaths = (
                     );
                     runOnlyForDeploymentPostprocessing = 0;
                     shellPath = /bin/sh;
                     shellScript = "# shell script goes here
exit 0";
                     showEnvVarsInLog = 0;
              };
              E0191AACC8C241AA9CECBD11 /* CMake Rules */ = {
                     isa = PBXShellScriptBuildPhase;
                     buildActionMask = 2147483647;
                     files = (
                     );
                     name = "CMake Rules";
                     runOnlyForDeploymentPostprocessing = 0;
                     shellPath = /bin/sh;
                     shellScript = "make -C /Users/user/Developer/sphere/movies/tomatoes/test -f /Users/user/Developer/sphere/movies/tomatoes/test/CMakeScripts/ZERO_CHECK_cmakeRulesBuildPhase.make$CONFIGURATION all";
                     showEnvVarsInLog = 0;
              };
              467BD45006CF4CAA8ED08A83 /* CMake PostBuild Rules */ = {
                     isa = PBXShellScriptBuildPhase;
                     buildActionMask = 2147483647;
                     files = (
                     );
                     name = "CMake PostBuild Rules";
                     runOnlyForDeploymentPostprocessing = 0;
                     shellPath = /bin/sh;
                     shellScript = "make -C /Users/user/Developer/sphere/movies/tomatoes/test -f /Users/user/Developer/sphere/movies/tomatoes/test/CMakeScripts/tree_postBuildPhase.make$CONFIGURATION all";
                     showEnvVarsInLog = 0;
              };
              E996982809004B4B9424F66D /* CMake PostBuild Rules */ = {
                     isa = PBXShellScriptBuildPhase;
                     buildActionMask = 2147483647;
                     files = (
                     );
                     name = "CMake PostBuild Rules";
                     runOnlyForDeploymentPostprocessing = 0;
                     shellPath = /bin/sh;
                     shellScript = "make -C /Users/user/Developer/sphere/movies/tomatoes/test -f /Users/user/Developer/sphere/movies/tomatoes/test/CMakeScripts/treeEx_postBuildPhase.make$CONFIGURATION all";
                     showEnvVarsInLog = 0;
              };
/* End PBXShellScriptBuildPhase section */

/* Begin PBXSourcesBuildPhase section */
              B3E4CC82AEDE4089BAD46B68 /* Sources */ = {
                     isa = PBXSourcesBuildPhase;
                     buildActionMask = 2147483647;
                     files = (
                            967A8211C1694CB3950B901B /* /Users/user/Developer/sphere/movies/tomatoes/test/RedBlack.c */,
                     );
                     runOnlyForDeploymentPostprocessing = 0;
              };
              2F452E8CDD86420FAE66C43D /* Sources */ = {
                     isa = PBXSourcesBuildPhase;
                     buildActionMask = 2147483647;
                     files = (
                            CCCA228F15964D009291472A /* /Users/user/Developer/sphere/movies/tomatoes/test/red-black.c */,
                     );
                     runOnlyForDeploymentPostprocessing = 0;
              };
/* End PBXSourcesBuildPhase section */

/* Begin PBXTargetDependency section */
              39436670D94C4FFB95F04FA9 /* PBXTargetDependency */ = {
                     isa = PBXTargetDependency;
                     target = E0E49635312545498899BC61 /* ZERO_CHECK */;
                     targetProxy = B1404734CE0A4BF786E71B4D /* PBXContainerItemProxy */;
              };
              1CC75630BC6E47DEAA2EB2D2 /* PBXTargetDependency */ = {
                     isa = PBXTargetDependency;
                     target = 1210C628F3804A1EB2EEF5F4 /* tree */;
                     targetProxy = B7A69F67E1D841328558D2D9 /* PBXContainerItemProxy */;
              };
              8E88307E56C04B2F996CBA2F /* PBXTargetDependency */ = {
                     isa = PBXTargetDependency;
                     target = ECBFB148E7A548CEB855D0D8 /* treeEx */;
                     targetProxy = 2DE7B4EEA7204BAD9A239AA4 /* PBXContainerItemProxy */;
              };
/* End PBXTargetDependency section */

/* Begin XCBuildConfiguration section */
              074975F4C577419AB73347DE /* Debug */ = {
                     isa = XCBuildConfiguration;
                     buildSettings = {
                            ARCHS = "$(ARCHS_STANDARD_32_64_BIT)";
                            ONLY_ACTIVE_ARCH = YES;
                            SDKROOT = "/Applications/Xcode.app/Contents/Developer/Platforms/MacOSX.platform/Developer/SDKs/MacOSX10.8.sdk";
                            SYMROOT = /Users/user/Developer/sphere/movies/tomatoes/test/build;
                     };
                     name = Debug;
              };
              3726D9E87D0E46108485F07A /* Release */ = {
                     isa = XCBuildConfiguration;
                     buildSettings = {
                            ARCHS = "$(ARCHS_STANDARD_32_64_BIT)";
                            ONLY_ACTIVE_ARCH = YES;
                            SDKROOT = "/Applications/Xcode.app/Contents/Developer/Platforms/MacOSX.platform/Developer/SDKs/MacOSX10.8.sdk";
                            SYMROOT = /Users/user/Developer/sphere/movies/tomatoes/test/build;
                     };
                     name = Release;
              };
              6AB9AD45B5E543CBA453AFCD /* MinSizeRel */ = {
                     isa = XCBuildConfiguration;
                     buildSettings = {
                            ARCHS = "$(ARCHS_STANDARD_32_64_BIT)";
                            ONLY_ACTIVE_ARCH = YES;
                            SDKROOT = "/Applications/Xcode.app/Contents/Developer/Platforms/MacOSX.platform/Developer/SDKs/MacOSX10.8.sdk";
                            SYMROOT = /Users/user/Developer/sphere/movies/tomatoes/test/build;
                     };
                     name = MinSizeRel;
              };
              C685750FA04A4067AADC31F2 /* RelWithDebInfo */ = {
                     isa = XCBuildConfiguration;
                     buildSettings = {
                            ARCHS = "$(ARCHS_STANDARD_32_64_BIT)";
                            ONLY_ACTIVE_ARCH = YES;
                            SDKROOT = "/Applications/Xcode.app/Contents/Developer/Platforms/MacOSX.platform/Developer/SDKs/MacOSX10.8.sdk";
                            SYMROOT = /Users/user/Developer/sphere/movies/tomatoes/test/build;
                     };
                     name = RelWithDebInfo;
              };
              6BD9CA15AF59420289260FAB /* Debug */ = {
                     isa = XCBuildConfiguration;
                     buildSettings = {
                            GCC_GENERATE_DEBUGGING_SYMBOLS = NO;
                            GCC_INLINES_ARE_PRIVATE_EXTERN = NO;
                            GCC_OPTIMIZATION_LEVEL = 0;
                            GCC_PREPROCESSOR_DEFINITIONS = ("'CMAKE_INTDIR=\"$(CONFIGURATION)$(EFFECTIVE_PLATFORM_NAME)\"'", );
                            GCC_SYMBOLS_PRIVATE_EXTERN = NO;
                            INSTALL_PATH = "";
                            OTHER_CFLAGS = "  ";
                            OTHER_LDFLAGS = "";
                            OTHER_REZFLAGS = "";
                            PRODUCT_NAME = ALL_BUILD;
                            SECTORDER_FLAGS = "";
                            SYMROOT = /Users/user/Developer/sphere/movies/tomatoes/test;
                            USE_HEADERMAP = NO;
                            WARNING_CFLAGS = ("-Wmost", "-Wno-four-char-constants", "-Wno-unknown-pragmas", );
                     };
                     name = Debug;
              };
              3E80EFE6E9284BDBB5FAF412 /* Release */ = {
                     isa = XCBuildConfiguration;
                     buildSettings = {
                            GCC_GENERATE_DEBUGGING_SYMBOLS = NO;
                            GCC_INLINES_ARE_PRIVATE_EXTERN = NO;
                            GCC_OPTIMIZATION_LEVEL = 0;
                            GCC_PREPROCESSOR_DEFINITIONS = ("'CMAKE_INTDIR=\"$(CONFIGURATION)$(EFFECTIVE_PLATFORM_NAME)\"'", );
                            GCC_SYMBOLS_PRIVATE_EXTERN = NO;
                            INSTALL_PATH = "";
                            OTHER_CFLAGS = "  ";
                            OTHER_LDFLAGS = "";
                            OTHER_REZFLAGS = "";
                            PRODUCT_NAME = ALL_BUILD;
                            SECTORDER_FLAGS = "";
                            SYMROOT = /Users/user/Developer/sphere/movies/tomatoes/test;
                            USE_HEADERMAP = NO;
                            WARNING_CFLAGS = ("-Wmost", "-Wno-four-char-constants", "-Wno-unknown-pragmas", );
                     };
                     name = Release;
              };
              B6F8A0BA7CE44F53A2FEA517 /* MinSizeRel */ = {
                     isa = XCBuildConfiguration;
                     buildSettings = {
                            GCC_GENERATE_DEBUGGING_SYMBOLS = NO;
                            GCC_INLINES_ARE_PRIVATE_EXTERN = NO;
                            GCC_OPTIMIZATION_LEVEL = 0;
                            GCC_PREPROCESSOR_DEFINITIONS = ("'CMAKE_INTDIR=\"$(CONFIGURATION)$(EFFECTIVE_PLATFORM_NAME)\"'", );
                            GCC_SYMBOLS_PRIVATE_EXTERN = NO;
                            INSTALL_PATH = "";
                            OTHER_CFLAGS = "  ";
                            OTHER_LDFLAGS = "";
                            OTHER_REZFLAGS = "";
                            PRODUCT_NAME = ALL_BUILD;
                            SECTORDER_FLAGS = "";
                            SYMROOT = /Users/user/Developer/sphere/movies/tomatoes/test;
                            USE_HEADERMAP = NO;
                            WARNING_CFLAGS = ("-Wmost", "-Wno-four-char-constants", "-Wno-unknown-pragmas", );
                     };
                     name = MinSizeRel;
              };
              4475ECF8ADB148F29C979433 /* RelWithDebInfo */ = {
                     isa = XCBuildConfiguration;
                     buildSettings = {
                            GCC_GENERATE_DEBUGGING_SYMBOLS = NO;
                            GCC_INLINES_ARE_PRIVATE_EXTERN = NO;
                            GCC_OPTIMIZATION_LEVEL = 0;
                            GCC_PREPROCESSOR_DEFINITIONS = ("'CMAKE_INTDIR=\"$(CONFIGURATION)$(EFFECTIVE_PLATFORM_NAME)\"'", );
                            GCC_SYMBOLS_PRIVATE_EXTERN = NO;
                            INSTALL_PATH = "";
                            OTHER_CFLAGS = "  ";
                            OTHER_LDFLAGS = "";
                            OTHER_REZFLAGS = "";
                            PRODUCT_NAME = ALL_BUILD;
                            SECTORDER_FLAGS = "";
                            SYMROOT = /Users/user/Developer/sphere/movies/tomatoes/test;
                            USE_HEADERMAP = NO;
                            WARNING_CFLAGS = ("-Wmost", "-Wno-four-char-constants", "-Wno-unknown-pragmas", );
                     };
                     name = RelWithDebInfo;
              };
              3DC19CDEC19F451083572AAD /* Debug */ = {
                     isa = XCBuildConfiguration;
                     buildSettings = {
                            GCC_GENERATE_DEBUGGING_SYMBOLS = NO;
                            GCC_INLINES_ARE_PRIVATE_EXTERN = NO;
                            GCC_OPTIMIZATION_LEVEL = 0;
                            GCC_PREPROCESSOR_DEFINITIONS = ("'CMAKE_INTDIR=\"$(CONFIGURATION)$(EFFECTIVE_PLATFORM_NAME)\"'", );
                            GCC_SYMBOLS_PRIVATE_EXTERN = NO;
                            INSTALL_PATH = "";
                            OTHER_CFLAGS = "  ";
                            OTHER_LDFLAGS = "";
                            OTHER_REZFLAGS = "";
                            PRODUCT_NAME = ZERO_CHECK;
                            SECTORDER_FLAGS = "";
                            SYMROOT = /Users/user/Developer/sphere/movies/tomatoes/test;
                            USE_HEADERMAP = NO;
                            WARNING_CFLAGS = ("-Wmost", "-Wno-four-char-constants", "-Wno-unknown-pragmas", );
                     };
                     name = Debug;
              };
              BF0480D67F1548CA982AB570 /* Release */ = {
                     isa = XCBuildConfiguration;
                     buildSettings = {
                            GCC_GENERATE_DEBUGGING_SYMBOLS = NO;
                            GCC_INLINES_ARE_PRIVATE_EXTERN = NO;
                            GCC_OPTIMIZATION_LEVEL = 0;
                            GCC_PREPROCESSOR_DEFINITIONS = ("'CMAKE_INTDIR=\"$(CONFIGURATION)$(EFFECTIVE_PLATFORM_NAME)\"'", );
                            GCC_SYMBOLS_PRIVATE_EXTERN = NO;
                            INSTALL_PATH = "";
                            OTHER_CFLAGS = "  ";
                            OTHER_LDFLAGS = "";
                            OTHER_REZFLAGS = "";
                            PRODUCT_NAME = ZERO_CHECK;
                            SECTORDER_FLAGS = "";
                            SYMROOT = /Users/user/Developer/sphere/movies/tomatoes/test;
                            USE_HEADERMAP = NO;
                            WARNING_CFLAGS = ("-Wmost", "-Wno-four-char-constants", "-Wno-unknown-pragmas", );
                     };
                     name = Release;
              };
              DE0062B213E749C28D6377E4 /* MinSizeRel */ = {
                     isa = XCBuildConfiguration;
                     buildSettings = {
                            GCC_GENERATE_DEBUGGING_SYMBOLS = NO;
                            GCC_INLINES_ARE_PRIVATE_EXTERN = NO;
                            GCC_OPTIMIZATION_LEVEL = 0;
                            GCC_PREPROCESSOR_DEFINITIONS = ("'CMAKE_INTDIR=\"$(CONFIGURATION)$(EFFECTIVE_PLATFORM_NAME)\"'", );
                            GCC_SYMBOLS_PRIVATE_EXTERN = NO;
                            INSTALL_PATH = "";
                            OTHER_CFLAGS = "  ";
                            OTHER_LDFLAGS = "";
                            OTHER_REZFLAGS = "";
                            PRODUCT_NAME = ZERO_CHECK;
                            SECTORDER_FLAGS = "";
                            SYMROOT = /Users/user/Developer/sphere/movies/tomatoes/test;
                            USE_HEADERMAP = NO;
                            WARNING_CFLAGS = ("-Wmost", "-Wno-four-char-constants", "-Wno-unknown-pragmas", );
                     };
                     name = MinSizeRel;
              };
              C4D267A2FEC946F69FD4EFE8 /* RelWithDebInfo */ = {
                     isa = XCBuildConfiguration;
                     buildSettings = {
                            GCC_GENERATE_DEBUGGING_SYMBOLS = NO;
                            GCC_INLINES_ARE_PRIVATE_EXTERN = NO;
                            GCC_OPTIMIZATION_LEVEL = 0;
                            GCC_PREPROCESSOR_DEFINITIONS = ("'CMAKE_INTDIR=\"$(CONFIGURATION)$(EFFECTIVE_PLATFORM_NAME)\"'", );
                            GCC_SYMBOLS_PRIVATE_EXTERN = NO;
                            INSTALL_PATH = "";
                            OTHER_CFLAGS = "  ";
                            OTHER_LDFLAGS = "";
                            OTHER_REZFLAGS = "";
                            PRODUCT_NAME = ZERO_CHECK;
                            SECTORDER_FLAGS = "";
                            SYMROOT = /Users/user/Developer/sphere/movies/tomatoes/test;
                            USE_HEADERMAP = NO;
                            WARNING_CFLAGS = ("-Wmost", "-Wno-four-char-constants", "-Wno-unknown-pragmas", );
                     };
                     name = RelWithDebInfo;
              };
              A750C9B39EA0484D88C8DC32 /* Debug */ = {
                     isa = XCBuildConfiguration;
                     buildSettings = {
                            EXECUTABLE_PREFIX = "";
                            EXECUTABLE_SUFFIX = "";
                            GCC_GENERATE_DEBUGGING_SYMBOLS = YES;
                            GCC_INLINES_ARE_PRIVATE_EXTERN = NO;
                            GCC_OPTIMIZATION_LEVEL = 0;
                            GCC_PREPROCESSOR_DEFINITIONS = ("'CMAKE_INTDIR=\"$(CONFIGURATION)$(EFFECTIVE_PLATFORM_NAME)\"'", );
                            GCC_SYMBOLS_PRIVATE_EXTERN = NO;
                            INSTALL_PATH = "";
                            LIBRARY_SEARCH_PATHS = "";
                            OTHER_CFLAGS = "    ";
                            OTHER_LDFLAGS = "  -Wl,-search_paths_first -Wl,-headerpad_max_install_names ";
                            OTHER_REZFLAGS = "";
                            PRODUCT_NAME = tree;
                            SECTORDER_FLAGS = "";
                            SYMROOT = /Users/user/Developer/sphere/movies/tomatoes/test;
                            USE_HEADERMAP = NO;
                            WARNING_CFLAGS = ("-Wmost", "-Wno-four-char-constants", "-Wno-unknown-pragmas", );
                     };
                     name = Debug;
              };
              F96E91B53AF24FDE95C48DDF /* Release */ = {
                     isa = XCBuildConfiguration;
                     buildSettings = {
                            EXECUTABLE_PREFIX = "";
                            EXECUTABLE_SUFFIX = "";
                            GCC_GENERATE_DEBUGGING_SYMBOLS = NO;
                            GCC_INLINES_ARE_PRIVATE_EXTERN = NO;
                            GCC_OPTIMIZATION_LEVEL = 3;
                            GCC_PREPROCESSOR_DEFINITIONS = ("'CMAKE_INTDIR=\"$(CONFIGURATION)$(EFFECTIVE_PLATFORM_NAME)\"'", );
                            GCC_SYMBOLS_PRIVATE_EXTERN = NO;
                            INSTALL_PATH = "";
                            LIBRARY_SEARCH_PATHS = "";
                            OTHER_CFLAGS = "    -DNDEBUG  ";
                            OTHER_LDFLAGS = "  -Wl,-search_paths_first -Wl,-headerpad_max_install_names ";
                            OTHER_REZFLAGS = "";
                            PRODUCT_NAME = tree;
                            SECTORDER_FLAGS = "";
                            SYMROOT = /Users/user/Developer/sphere/movies/tomatoes/test;
                            USE_HEADERMAP = NO;
                            WARNING_CFLAGS = ("-Wmost", "-Wno-four-char-constants", "-Wno-unknown-pragmas", );
                     };
                     name = Release;
              };
              CE5FE3A8B9E5405E9ED70DD3 /* MinSizeRel */ = {
                     isa = XCBuildConfiguration;
                     buildSettings = {
                            EXECUTABLE_PREFIX = "";
                            EXECUTABLE_SUFFIX = "";
                            GCC_GENERATE_DEBUGGING_SYMBOLS = NO;
                            GCC_INLINES_ARE_PRIVATE_EXTERN = NO;
                            GCC_OPTIMIZATION_LEVEL = s;
                            GCC_PREPROCESSOR_DEFINITIONS = ("'CMAKE_INTDIR=\"$(CONFIGURATION)$(EFFECTIVE_PLATFORM_NAME)\"'", );
                            GCC_SYMBOLS_PRIVATE_EXTERN = NO;
                            INSTALL_PATH = "";
                            LIBRARY_SEARCH_PATHS = "";
                            OTHER_CFLAGS = "    -DNDEBUG  ";
                            OTHER_LDFLAGS = "  -Wl,-search_paths_first -Wl,-headerpad_max_install_names ";
                            OTHER_REZFLAGS = "";
                            PRODUCT_NAME = tree;
                            SECTORDER_FLAGS = "";
                            SYMROOT = /Users/user/Developer/sphere/movies/tomatoes/test;
                            USE_HEADERMAP = NO;
                            WARNING_CFLAGS = ("-Wmost", "-Wno-four-char-constants", "-Wno-unknown-pragmas", );
                     };
                     name = MinSizeRel;
              };
              7F7D21406BAA45379D3D65DD /* RelWithDebInfo */ = {
                     isa = XCBuildConfiguration;
                     buildSettings = {
                            EXECUTABLE_PREFIX = "";
                            EXECUTABLE_SUFFIX = "";
                            GCC_GENERATE_DEBUGGING_SYMBOLS = YES;
                            GCC_INLINES_ARE_PRIVATE_EXTERN = NO;
                            GCC_OPTIMIZATION_LEVEL = 2;
                            GCC_PREPROCESSOR_DEFINITIONS = ("'CMAKE_INTDIR=\"$(CONFIGURATION)$(EFFECTIVE_PLATFORM_NAME)\"'", );
                            GCC_SYMBOLS_PRIVATE_EXTERN = NO;
                            INSTALL_PATH = "";
                            LIBRARY_SEARCH_PATHS = "";
                            OTHER_CFLAGS = "       -DNDEBUG  ";
                            OTHER_LDFLAGS = "  -Wl,-search_paths_first -Wl,-headerpad_max_install_names ";
                            OTHER_REZFLAGS = "";
                            PRODUCT_NAME = tree;
                            SECTORDER_FLAGS = "";
                            SYMROOT = /Users/user/Developer/sphere/movies/tomatoes/test;
                            USE_HEADERMAP = NO;
                            WARNING_CFLAGS = ("-Wmost", "-Wno-four-char-constants", "-Wno-unknown-pragmas", );
                     };
                     name = RelWithDebInfo;
              };
              E81C34C5A520402D9D077B37 /* Debug */ = {
                     isa = XCBuildConfiguration;
                     buildSettings = {
                            EXECUTABLE_PREFIX = "";
                            EXECUTABLE_SUFFIX = "";
                            GCC_GENERATE_DEBUGGING_SYMBOLS = YES;
                            GCC_INLINES_ARE_PRIVATE_EXTERN = NO;
                            GCC_OPTIMIZATION_LEVEL = 0;
                            GCC_PREPROCESSOR_DEFINITIONS = ("'CMAKE_INTDIR=\"$(CONFIGURATION)$(EFFECTIVE_PLATFORM_NAME)\"'", );
                            GCC_SYMBOLS_PRIVATE_EXTERN = NO;
                            INSTALL_PATH = "";
                            LIBRARY_SEARCH_PATHS = "";
                            OTHER_CFLAGS = "    ";
                            OTHER_LDFLAGS = "  -Wl,-search_paths_first -Wl,-headerpad_max_install_names ";
                            OTHER_REZFLAGS = "";
                            PRODUCT_NAME = treeEx;
                            SECTORDER_FLAGS = "";
                            SYMROOT = /Users/user/Developer/sphere/movies/tomatoes/test;
                            USE_HEADERMAP = NO;
                            WARNING_CFLAGS = ("-Wmost", "-Wno-four-char-constants", "-Wno-unknown-pragmas", );
                     };
                     name = Debug;
              };
              91AD4A631714419E8CF122A5 /* Release */ = {
                     isa = XCBuildConfiguration;
                     buildSettings = {
                            EXECUTABLE_PREFIX = "";
                            EXECUTABLE_SUFFIX = "";
                            GCC_GENERATE_DEBUGGING_SYMBOLS = NO;
                            GCC_INLINES_ARE_PRIVATE_EXTERN = NO;
                            GCC_OPTIMIZATION_LEVEL = 3;
                            GCC_PREPROCESSOR_DEFINITIONS = ("'CMAKE_INTDIR=\"$(CONFIGURATION)$(EFFECTIVE_PLATFORM_NAME)\"'", );
                            GCC_SYMBOLS_PRIVATE_EXTERN = NO;
                            INSTALL_PATH = "";
                            LIBRARY_SEARCH_PATHS = "";
                            OTHER_CFLAGS = "    -DNDEBUG  ";
                            OTHER_LDFLAGS = "  -Wl,-search_paths_first -Wl,-headerpad_max_install_names ";
                            OTHER_REZFLAGS = "";
                            PRODUCT_NAME = treeEx;
                            SECTORDER_FLAGS = "";
                            SYMROOT = /Users/user/Developer/sphere/movies/tomatoes/test;
                            USE_HEADERMAP = NO;
                            WARNING_CFLAGS = ("-Wmost", "-Wno-four-char-constants", "-Wno-unknown-pragmas", );
                     };
                     name = Release;
              };
              283F3C99788F4FA9B205190E /* MinSizeRel */ = {
                     isa = XCBuildConfiguration;
                     buildSettings = {
                            EXECUTABLE_PREFIX = "";
                            EXECUTABLE_SUFFIX = "";
                            GCC_GENERATE_DEBUGGING_SYMBOLS = NO;
                            GCC_INLINES_ARE_PRIVATE_EXTERN = NO;
                            GCC_OPTIMIZATION_LEVEL = s;
                            GCC_PREPROCESSOR_DEFINITIONS = ("'CMAKE_INTDIR=\"$(CONFIGURATION)$(EFFECTIVE_PLATFORM_NAME)\"'", );
                            GCC_SYMBOLS_PRIVATE_EXTERN = NO;
                            INSTALL_PATH = "";
                            LIBRARY_SEARCH_PATHS = "";
                            OTHER_CFLAGS = "    -DNDEBUG  ";
                            OTHER_LDFLAGS = "  -Wl,-search_paths_first -Wl,-headerpad_max_install_names ";
                            OTHER_REZFLAGS = "";
                            PRODUCT_NAME = treeEx;
                            SECTORDER_FLAGS = "";
                            SYMROOT = /Users/user/Developer/sphere/movies/tomatoes/test;
                            USE_HEADERMAP = NO;
                            WARNING_CFLAGS = ("-Wmost", "-Wno-four-char-constants", "-Wno-unknown-pragmas", );
                     };
                     name = MinSizeRel;
              };
              C6AB550A0B8E417785932268 /* RelWithDebInfo */ = {
                     isa = XCBuildConfiguration;
                     buildSettings = {
                            EXECUTABLE_PREFIX = "";
                            EXECUTABLE_SUFFIX = "";
                            GCC_GENERATE_DEBUGGING_SYMBOLS = YES;
                            GCC_INLINES_ARE_PRIVATE_EXTERN = NO;
                            GCC_OPTIMIZATION_LEVEL = 2;
                            GCC_PREPROCESSOR_DEFINITIONS = ("'CMAKE_INTDIR=\"$(CONFIGURATION)$(EFFECTIVE_PLATFORM_NAME)\"'", );
                            GCC_SYMBOLS_PRIVATE_EXTERN = NO;
                            INSTALL_PATH = "";
                            LIBRARY_SEARCH_PATHS = "";
                            OTHER_CFLAGS = "       -DNDEBUG  ";
                            OTHER_LDFLAGS = "  -Wl,-search_paths_first -Wl,-headerpad_max_install_names ";
                            OTHER_REZFLAGS = "";
                            PRODUCT_NAME = treeEx;
                            SECTORDER_FLAGS = "";
                            SYMROOT = /Users/user/Developer/sphere/movies/tomatoes/test;
                            USE_HEADERMAP = NO;
                            WARNING_CFLAGS = ("-Wmost", "-Wno-four-char-constants", "-Wno-unknown-pragmas", );
                     };
                     name = RelWithDebInfo;
              };
/* End XCBuildConfiguration section */

/* Begin XCConfigurationList section */
              63473BD7726A4A1BB905F2C0 /* Build configuration list for PBXProject  "RED_BLACK_TREE" */ = {
                     isa = XCConfigurationList;
                     buildConfigurations = (
                            074975F4C577419AB73347DE /* Debug */,
                            3726D9E87D0E46108485F07A /* Release */,
                            6AB9AD45B5E543CBA453AFCD /* MinSizeRel */,
                            C685750FA04A4067AADC31F2 /* RelWithDebInfo */,
                     );
                     defaultConfigurationIsVisible = 0;
                     defaultConfigurationName = Debug;
              };
              EA9B26DBD136426DA72D9AAC /* Build configuration list for PBXAggregateTarget "ALL_BUILD" */ = {
                     isa = XCConfigurationList;
                     buildConfigurations = (
                            6BD9CA15AF59420289260FAB /* Debug */,
                            3E80EFE6E9284BDBB5FAF412 /* Release */,
                            B6F8A0BA7CE44F53A2FEA517 /* MinSizeRel */,
                            4475ECF8ADB148F29C979433 /* RelWithDebInfo */,
                     );
                     defaultConfigurationIsVisible = 0;
                     defaultConfigurationName = Debug;
              };
              A3F6F46F221045D29FB3ACFE /* Build configuration list for PBXAggregateTarget "ZERO_CHECK" */ = {
                     isa = XCConfigurationList;
                     buildConfigurations = (
                            3DC19CDEC19F451083572AAD /* Debug */,
                            BF0480D67F1548CA982AB570 /* Release */,
                            DE0062B213E749C28D6377E4 /* MinSizeRel */,
                            C4D267A2FEC946F69FD4EFE8 /* RelWithDebInfo */,
                     );
                     defaultConfigurationIsVisible = 0;
                     defaultConfigurationName = Debug;
              };
              ED996B623DD74D69BF9836A7 /* Build configuration list for PBXNativeTarget "tree" */ = {
                     isa = XCConfigurationList;
                     buildConfigurations = (
                            A750C9B39EA0484D88C8DC32 /* Debug */,
                            F96E91B53AF24FDE95C48DDF /* Release */,
                            CE5FE3A8B9E5405E9ED70DD3 /* MinSizeRel */,
                            7F7D21406BAA45379D3D65DD /* RelWithDebInfo */,
                     );
                     defaultConfigurationIsVisible = 0;
                     defaultConfigurationName = Debug;
              };
              CD11F206ACB54116A64772EB /* Build configuration list for PBXNativeTarget "treeEx" */ = {
                     isa = XCConfigurationList;
                     buildConfigurations = (
                            E81C34C5A520402D9D077B37 /* Debug */,
                            91AD4A631714419E8CF122A5 /* Release */,
                            283F3C99788F4FA9B205190E /* MinSizeRel */,
                            C6AB550A0B8E417785932268 /* RelWithDebInfo */,
                     );
                     defaultConfigurationIsVisible = 0;
                     defaultConfigurationName = Debug;
              };
/* End XCConfigurationList section */
       };
       rootObject = A385C4221FA14CCE8DD66163;
}
